<?xml version="1.0" encoding="utf-8"?>
<Project ToolsVersion="4.0" xmlns="http://schemas.microsoft.com/developer/msbuild/2003">
  <ItemGroup>
    <Filter Include="Source Files">
      <UniqueIdentifier>{4FC737F1-C7A5-4376-A066-2A32D752A2FF}</UniqueIdentifier>
      <Extensions>cpp;c;cxx;def;odl;idl;hpj;bat;asm;asmx</Extensions>
    </Filter>
    <Filter Include="Source Files\system">
      <UniqueIdentifier>{ca00dabd-fa27-463a-b1f1-7dbcc018b687}</UniqueIdentifier>
    </Filter>
    <Filter Include="Source Files\system\win32">
      <UniqueIdentifier>{ff44bb52-ed19-47a7-bbc3-5a28c96eba88}</UniqueIdentifier>
    </Filter>
    <Filter Include="Source Files\system\common">
      <UniqueIdentifier>{3a70feaa-ff09-4554-bec4-049acd62e192}</UniqueIdentifier>
    </Filter>
    <Filter Include="Source Files\nes">
      <UniqueIdentifier>{24ff0a72-d87e-4a8c-99f9-8ab588a77cd5}</UniqueIdentifier>
    </Filter>
    <Filter Include="Source Files\nes\cpu">
      <UniqueIdentifier>{fb6c46ed-38ac-4d79-b1c8-bb78db574e63}</UniqueIdentifier>
    </Filter>
    <Filter Include="Source Files\nes\ppu">
      <UniqueIdentifier>{aee57af3-29d9-4be3-87e5-feb785ccf19b}</UniqueIdentifier>
    </Filter>
    <Filter Include="Source Files\nes\apu">
      <UniqueIdentifier>{b709cb32-a27a-4a4e-8905-3df6885d7934}</UniqueIdentifier>
    </Filter>
    <Filter Include="Source Files\nes\cart">
      <UniqueIdentifier>{f0972e30-38b1-4b8d-8c2a-22d5a7e70ade}</UniqueIdentifier>
    </Filter>
    <Filter Include="Source Files\nes\state">
      <UniqueIdentifier>{2bee0800-b6c4-4c8e-a550-7d033b8e10e4}</UniqueIdentifier>
    </Filter>
    <Filter Include="Source Files\mappers">
      <UniqueIdentifier>{77a56c70-d47b-4820-b999-66a532c563dd}</UniqueIdentifier>
    </Filter>
    <Filter Include="Source Files\mappers\boards">
      <UniqueIdentifier>{e17ed317-51ac-4d52-b88d-e86acbe682d5}</UniqueIdentifier>
    </Filter>
    <Filter Include="Source Files\mappers\boards\nintendo">
      <UniqueIdentifier>{0b8995ca-98be-4077-8986-2a22ab421525}</UniqueIdentifier>
    </Filter>
    <Filter Include="Source Files\mappers\boards\tengen">
      <UniqueIdentifier>{e02fc07d-3304-486e-bb29-68d067327efa}</UniqueIdentifier>
    </Filter>
    <Filter Include="Source Files\mappers\boards\camerica">
      <UniqueIdentifier>{b887afad-9664-4cae-a5bb-7a7bc12e9cc8}</UniqueIdentifier>
    </Filter>
    <Filter Include="Source Files\mappers\boards\taito">
      <UniqueIdentifier>{78fb6cee-5353-4152-ae37-fc373ff7b470}</UniqueIdentifier>
    </Filter>
    <Filter Include="Source Files\mappers\boards\ave">
      <UniqueIdentifier>{ea238af3-5660-4bb3-b0a5-52145a2c62b0}</UniqueIdentifier>
    </Filter>
    <Filter Include="Source Files\mappers\boards\irem">
      <UniqueIdentifier>{f49ae920-859e-44a8-9a9a-5b4af5d0a9d6}</UniqueIdentifier>
    </Filter>
    <Filter Include="Source Files\mappers\boards\jaleco">
      <UniqueIdentifier>{32c40c4e-4ec4-4e46-8903-68563bdd3bea}</UniqueIdentifier>
    </Filter>
    <Filter Include="Source Files\mappers\boards\other">
      <UniqueIdentifier>{d41a1abc-e760-4487-a9a8-b684c82e39e0}</UniqueIdentifier>
    </Filter>
    <Filter Include="Source Files\mappers\boards\sachen">
      <UniqueIdentifier>{246390b3-b34f-4255-b434-63bc47b1bbef}</UniqueIdentifier>
    </Filter>
    <Filter Include="Source Files\mappers\boards\txc">
      <UniqueIdentifier>{a3c8b4fc-3671-43c1-bb88-7214407a5d8a}</UniqueIdentifier>
    </Filter>
    <Filter Include="Source Files\mappers\boards\konami">
      <UniqueIdentifier>{cc9c4f3f-4c0e-48ef-8ec3-4f8718612d71}</UniqueIdentifier>
    </Filter>
    <Filter Include="Source Files\mappers\chips">
      <UniqueIdentifier>{0d5d6259-d76b-4bb9-b43b-da9aaed89a3a}</UniqueIdentifier>
    </Filter>
    <Filter Include="Source Files\misc">
      <UniqueIdentifier>{42ffa887-0518-47de-9796-94633ada3b3e}</UniqueIdentifier>
    </Filter>
    <Filter Include="Source Files\palette">
      <UniqueIdentifier>{812ebbed-fa3d-4a17-8705-1cc1caba1f26}</UniqueIdentifier>
    </Filter>
    <Filter Include="Source Files\inputdev">
      <UniqueIdentifier>{72a0c1bb-8e61-4406-bffc-d9f3b7bb908a}</UniqueIdentifier>
    </Filter>
    <Filter Include="Header Files">
      <UniqueIdentifier>{93995380-89BD-4b04-88EB-625FBE52EBFB}</UniqueIdentifier>
      <Extensions>h;hpp;hxx;hm;inl;inc;xsd</Extensions>
    </Filter>
    <Filter Include="Header Files\system">
      <UniqueIdentifier>{8d8194b2-51b5-4979-abbc-31c7bb990c6a}</UniqueIdentifier>
    </Filter>
    <Filter Include="Header Files\system\sdl">
      <UniqueIdentifier>{69316bc2-1d5c-4be6-8b7d-90beb87559c1}</UniqueIdentifier>
    </Filter>
    <Filter Include="Header Files\system\win32">
      <UniqueIdentifier>{15bdb56d-66f8-4d22-869d-65ed8f2dcf13}</UniqueIdentifier>
    </Filter>
    <Filter Include="Header Files\nes">
      <UniqueIdentifier>{2f155da0-658c-4085-b645-95ebe19bfcfe}</UniqueIdentifier>
    </Filter>
    <Filter Include="Header Files\nes\cpu">
      <UniqueIdentifier>{0dde03a0-d9e4-46dd-bd83-14768c4a4c8e}</UniqueIdentifier>
    </Filter>
    <Filter Include="Header Files\nes\ppu">
      <UniqueIdentifier>{1ac5809b-6291-4936-b332-9dfb53ae1edc}</UniqueIdentifier>
    </Filter>
    <Filter Include="Header Files\nes\apu">
      <UniqueIdentifier>{02ba3a31-8f19-4f55-b67e-e6f0be112d07}</UniqueIdentifier>
    </Filter>
    <Filter Include="Header Files\nes\cart">
      <UniqueIdentifier>{92ff1969-45e4-48d8-86cd-fee43114da46}</UniqueIdentifier>
    </Filter>
    <Filter Include="Header Files\nes\state">
      <UniqueIdentifier>{fc3a3e74-8c54-4463-b0f8-f358354b10f4}</UniqueIdentifier>
    </Filter>
    <Filter Include="Header Files\mappers">
      <UniqueIdentifier>{d4ffc654-483d-4b19-ad6b-0f3156b60912}</UniqueIdentifier>
    </Filter>
    <Filter Include="Header Files\mappers\chips">
      <UniqueIdentifier>{018c8a81-f9ba-4785-aeb6-fbfae6722545}</UniqueIdentifier>
    </Filter>
    <Filter Include="Header Files\misc">
      <UniqueIdentifier>{ba1f9f6f-6f33-46ca-bdd7-676982e47dd3}</UniqueIdentifier>
    </Filter>
    <Filter Include="Header Files\palette">
      <UniqueIdentifier>{402f449e-32c6-4688-ba3b-972bcd27a8c9}</UniqueIdentifier>
    </Filter>
    <Filter Include="Header Files\inputdev">
      <UniqueIdentifier>{cf740922-39f4-4d7c-aebc-cb601ef8c213}</UniqueIdentifier>
    </Filter>
    <Filter Include="Resource Files">
      <UniqueIdentifier>{67DA6AB6-F800-4c08-8B7A-83BB121AAD01}</UniqueIdentifier>
      <Extensions>rc;ico;cur;bmp;dlg;rc2;rct;bin;rgs;gif;jpg;jpeg;jpe;resx</Extensions>
    </Filter>
    <Filter Include="Source Files\mappers\boards\kaiser">
      <UniqueIdentifier>{f6f71c1e-7360-430a-bdf0-0e224e320ec3}</UniqueIdentifier>
    </Filter>
    <Filter Include="Source Files\mappers\boards\ntdec">
      <UniqueIdentifier>{d6e50d97-0f42-4906-82c2-f4e38ecbf1cf}</UniqueIdentifier>
    </Filter>
    <Filter Include="Source Files\mappers\boards\waixing">
      <UniqueIdentifier>{688f2900-bae1-4ef2-a2d1-3d2ee69b6faf}</UniqueIdentifier>
    </Filter>
    <Filter Include="Source Files\nes\apu\units">
      <UniqueIdentifier>{c2445530-02f9-4c6a-a390-5ac05fe83771}</UniqueIdentifier>
    </Filter>
    <Filter Include="Source Files\mappers\boards\other\bmc">
      <UniqueIdentifier>{2cde97a7-9e02-4407-9f75-9128c83ede4a}</UniqueIdentifier>
    </Filter>
    <Filter Include="Source Files\mappers\boards\other\btl">
      <UniqueIdentifier>{a13e43e9-f61b-41af-a552-6c2881450a55}</UniqueIdentifier>
    </Filter>
    <Filter Include="Source Files\mappers\boards\other\unl">
      <UniqueIdentifier>{f641733f-7ac4-4a63-86cb-37f347a48395}</UniqueIdentifier>
    </Filter>
    <Filter Include="Source Files\system\win32\dialogs">
      <UniqueIdentifier>{37f5db53-bb8d-4fe4-bcb8-eeab0b30f09a}</UniqueIdentifier>
    </Filter>
    <Filter Include="Source Files\mappers\boards\sunsoft">
      <UniqueIdentifier>{086555eb-7fa6-4776-a4d9-51918d953966}</UniqueIdentifier>
    </Filter>
    <Filter Include="Source Files\mappers\boards\cne">
      <UniqueIdentifier>{f0d11f74-ea2b-488d-8747-87a48a4519d2}</UniqueIdentifier>
    </Filter>
    <Filter Include="Source Files\mappers\boards\homebrew">
      <UniqueIdentifier>{3fbae46c-2cfe-4c1d-b166-51ccf2fdd530}</UniqueIdentifier>
    </Filter>
    <Filter Include="Source Files\mappers\boards\namcot">
      <UniqueIdentifier>{845a8cbe-5ea1-4ab2-8dba-a9260e9612fb}</UniqueIdentifier>
    </Filter>
    <Filter Include="Source Files\nes\ppu\step">
      <UniqueIdentifier>{a4cae8dc-e286-4cdd-af3b-959e935d3f66}</UniqueIdentifier>
    </Filter>
    <Filter Include="Source Files\emu">
      <UniqueIdentifier>{a97109ec-cdfc-4fb6-8fc4-23a2c8147be7}</UniqueIdentifier>
    </Filter>
    <Filter Include="Source Files\emu\commands">
      <UniqueIdentifier>{ccead6ca-acd5-4741-8a94-3435a6a316c6}</UniqueIdentifier>
    </Filter>
  </ItemGroup>
  <ItemGroup>
    <ClCompile Include="..\..\source\system\win32\input.c">
      <Filter>Source Files\system\win32</Filter>
    </ClCompile>
    <ClCompile Include="..\..\source\system\win32\main.c">
      <Filter>Source Files\system\win32</Filter>
    </ClCompile>
    <ClCompile Include="..\..\source\system\win32\sound.c">
      <Filter>Source Files\system\win32</Filter>
    </ClCompile>
    <ClCompile Include="..\..\source\system\win32\system.c">
      <Filter>Source Files\system\win32</Filter>
    </ClCompile>
    <ClCompile Include="..\..\source\system\win32\video.c">
      <Filter>Source Files\system\win32</Filter>
    </ClCompile>
    <ClCompile Include="..\..\source\nes\io.c">
      <Filter>Source Files\nes</Filter>
    </ClCompile>
    <ClCompile Include="..\..\source\nes\memory.c">
      <Filter>Source Files\nes</Filter>
    </ClCompile>
    <ClCompile Include="..\..\source\nes\nes.c">
      <Filter>Source Files\nes</Filter>
    </ClCompile>
    <ClCompile Include="..\..\source\nes\cpu\addrmodes.c">
      <Filter>Source Files\nes\cpu</Filter>
    </ClCompile>
    <ClCompile Include="..\..\source\nes\cpu\cpu.c">
      <Filter>Source Files\nes\cpu</Filter>
    </ClCompile>
    <ClCompile Include="..\..\source\nes\cpu\disassemble.c">
      <Filter>Source Files\nes\cpu</Filter>
    </ClCompile>
    <ClCompile Include="..\..\source\nes\cpu\execute.c">
      <Filter>Source Files\nes\cpu</Filter>
    </ClCompile>
    <ClCompile Include="..\..\source\nes\cpu\helper.c">
      <Filter>Source Files\nes\cpu</Filter>
    </ClCompile>
    <ClCompile Include="..\..\source\nes\cpu\opcodes.c">
      <Filter>Source Files\nes\cpu</Filter>
    </ClCompile>
    <ClCompile Include="..\..\source\nes\cpu\opcodes_alu.c">
      <Filter>Source Files\nes\cpu</Filter>
    </ClCompile>
    <ClCompile Include="..\..\source\nes\cpu\opcodes_branch.c">
      <Filter>Source Files\nes\cpu</Filter>
    </ClCompile>
    <ClCompile Include="..\..\source\nes\cpu\opcodes_compare.c">
      <Filter>Source Files\nes\cpu</Filter>
    </ClCompile>
    <ClCompile Include="..\..\source\nes\cpu\opcodes_flag.c">
      <Filter>Source Files\nes\cpu</Filter>
    </ClCompile>
    <ClCompile Include="..\..\source\nes\cpu\opcodes_incdec.c">
      <Filter>Source Files\nes\cpu</Filter>
    </ClCompile>
    <ClCompile Include="..\..\source\nes\cpu\opcodes_loadstore.c">
      <Filter>Source Files\nes\cpu</Filter>
    </ClCompile>
    <ClCompile Include="..\..\source\nes\cpu\opcodes_stack.c">
      <Filter>Source Files\nes\cpu</Filter>
    </ClCompile>
    <ClCompile Include="..\..\source\nes\cpu\opcodes_transfer.c">
      <Filter>Source Files\nes\cpu</Filter>
    </ClCompile>
    <ClCompile Include="..\..\source\nes\cpu\opcodes_undocumented.c">
      <Filter>Source Files\nes\cpu</Filter>
    </ClCompile>
    <ClCompile Include="..\..\source\nes\ppu\io.c">
      <Filter>Source Files\nes\ppu</Filter>
    </ClCompile>
    <ClCompile Include="..\..\source\nes\ppu\ppu.c">
      <Filter>Source Files\nes\ppu</Filter>
    </ClCompile>
    <ClCompile Include="..\..\source\nes\ppu\step.c">
      <Filter>Source Files\nes\ppu</Filter>
    </ClCompile>
    <ClCompile Include="..\..\source\nes\ppu\tilecache.c">
      <Filter>Source Files\nes\ppu</Filter>
    </ClCompile>
    <ClCompile Include="..\..\source\nes\apu\apu.c">
      <Filter>Source Files\nes\apu</Filter>
    </ClCompile>
    <ClCompile Include="..\..\source\nes\cart\cart.c">
      <Filter>Source Files\nes\cart</Filter>
    </ClCompile>
    <ClCompile Include="..\..\source\nes\cart\ines.c">
      <Filter>Source Files\nes\cart</Filter>
    </ClCompile>
    <ClCompile Include="..\..\source\nes\cart\ines20.c">
      <Filter>Source Files\nes\cart</Filter>
    </ClCompile>
    <ClCompile Include="..\..\source\nes\cart\unif.c">
      <Filter>Source Files\nes\cart</Filter>
    </ClCompile>
    <ClCompile Include="..\..\source\nes\state\block.c">
      <Filter>Source Files\nes\state</Filter>
    </ClCompile>
    <ClCompile Include="..\..\source\nes\state\state.c">
      <Filter>Source Files\nes\state</Filter>
    </ClCompile>
    <ClCompile Include="..\..\source\mappers\ines.c">
      <Filter>Source Files\mappers</Filter>
    </ClCompile>
    <ClCompile Include="..\..\source\mappers\ines20.c">
      <Filter>Source Files\mappers</Filter>
    </ClCompile>
    <ClCompile Include="..\..\source\mappers\mappers.c">
      <Filter>Source Files\mappers</Filter>
    </ClCompile>
    <ClCompile Include="..\..\source\mappers\unif.c">
      <Filter>Source Files\mappers</Filter>
    </ClCompile>
    <ClCompile Include="..\..\source\mappers\boards\nintendo\axrom.c">
      <Filter>Source Files\mappers\boards\nintendo</Filter>
    </ClCompile>
    <ClCompile Include="..\..\source\mappers\boards\nintendo\bxrom.c">
      <Filter>Source Files\mappers\boards\nintendo</Filter>
    </ClCompile>
    <ClCompile Include="..\..\source\mappers\boards\nintendo\cnrom.c">
      <Filter>Source Files\mappers\boards\nintendo</Filter>
    </ClCompile>
    <ClCompile Include="..\..\source\mappers\boards\nintendo\cprom.c">
      <Filter>Source Files\mappers\boards\nintendo</Filter>
    </ClCompile>
    <ClCompile Include="..\..\source\mappers\boards\nintendo\dxrom.c">
      <Filter>Source Files\mappers\boards\nintendo</Filter>
    </ClCompile>
    <ClCompile Include="..\..\source\mappers\boards\nintendo\event.c">
      <Filter>Source Files\mappers\boards\nintendo</Filter>
    </ClCompile>
    <ClCompile Include="..\..\source\mappers\boards\nintendo\exrom.c">
      <Filter>Source Files\mappers\boards\nintendo</Filter>
    </ClCompile>
    <ClCompile Include="..\..\source\mappers\boards\nintendo\fxrom.c">
      <Filter>Source Files\mappers\boards\nintendo</Filter>
    </ClCompile>
    <ClCompile Include="..\..\source\mappers\boards\nintendo\gxrom_mxrom.c">
      <Filter>Source Files\mappers\boards\nintendo</Filter>
    </ClCompile>
    <ClCompile Include="..\..\source\mappers\boards\nintendo\hxrom.c">
      <Filter>Source Files\mappers\boards\nintendo</Filter>
    </ClCompile>
    <ClCompile Include="..\..\source\mappers\boards\nintendo\nrom.c">
      <Filter>Source Files\mappers\boards\nintendo</Filter>
    </ClCompile>
    <ClCompile Include="..\..\source\mappers\boards\nintendo\pxrom.c">
      <Filter>Source Files\mappers\boards\nintendo</Filter>
    </ClCompile>
    <ClCompile Include="..\..\source\mappers\boards\nintendo\sxrom.c">
      <Filter>Source Files\mappers\boards\nintendo</Filter>
    </ClCompile>
    <ClCompile Include="..\..\source\mappers\boards\nintendo\tqrom.c">
      <Filter>Source Files\mappers\boards\nintendo</Filter>
    </ClCompile>
    <ClCompile Include="..\..\source\mappers\boards\nintendo\txrom.c">
      <Filter>Source Files\mappers\boards\nintendo</Filter>
    </ClCompile>
    <ClCompile Include="..\..\source\mappers\boards\nintendo\un1rom.c">
      <Filter>Source Files\mappers\boards\nintendo</Filter>
    </ClCompile>
    <ClCompile Include="..\..\source\mappers\boards\nintendo\uxrom.c">
      <Filter>Source Files\mappers\boards\nintendo</Filter>
    </ClCompile>
    <ClCompile Include="..\..\source\mappers\boards\camerica\bf909x.c">
      <Filter>Source Files\mappers\boards\camerica</Filter>
    </ClCompile>
    <ClCompile Include="..\..\source\mappers\boards\taito\x1-005.c">
      <Filter>Source Files\mappers\boards\taito</Filter>
    </ClCompile>
    <ClCompile Include="..\..\source\mappers\boards\ave\nina-001.c">
      <Filter>Source Files\mappers\boards\ave</Filter>
    </ClCompile>
    <ClCompile Include="..\..\source\mappers\boards\irem\h3001.c">
      <Filter>Source Files\mappers\boards\irem</Filter>
    </ClCompile>
    <ClCompile Include="..\..\source\mappers\boards\jaleco\ss88006.c">
      <Filter>Source Files\mappers\boards\jaleco</Filter>
    </ClCompile>
    <ClCompile Include="..\..\source\mappers\boards\sachen\sa-003x.c">
      <Filter>Source Files\mappers\boards\sachen</Filter>
    </ClCompile>
    <ClCompile Include="..\..\source\mappers\boards\sachen\sa-7200x.c">
      <Filter>Source Files\mappers\boards\sachen</Filter>
    </ClCompile>
    <ClCompile Include="..\..\source\mappers\boards\sachen\sachen-74ls374n.c">
      <Filter>Source Files\mappers\boards\sachen</Filter>
    </ClCompile>
    <ClCompile Include="..\..\source\mappers\boards\konami\vrc1.c">
      <Filter>Source Files\mappers\boards\konami</Filter>
    </ClCompile>
    <ClCompile Include="..\..\source\mappers\boards\konami\vrc2.c">
      <Filter>Source Files\mappers\boards\konami</Filter>
    </ClCompile>
    <ClCompile Include="..\..\source\mappers\boards\konami\vrc3.c">
      <Filter>Source Files\mappers\boards\konami</Filter>
    </ClCompile>
    <ClCompile Include="..\..\source\mappers\boards\konami\vrc4.c">
      <Filter>Source Files\mappers\boards\konami</Filter>
    </ClCompile>
    <ClCompile Include="..\..\source\mappers\boards\konami\vrc6.c">
      <Filter>Source Files\mappers\boards\konami</Filter>
    </ClCompile>
    <ClCompile Include="..\..\source\mappers\boards\konami\vrc7.c">
      <Filter>Source Files\mappers\boards\konami</Filter>
    </ClCompile>
    <ClCompile Include="..\..\source\mappers\chips\latch.c">
      <Filter>Source Files\mappers\chips</Filter>
    </ClCompile>
    <ClCompile Include="..\..\source\mappers\chips\mmc1.c">
      <Filter>Source Files\mappers\chips</Filter>
    </ClCompile>
    <ClCompile Include="..\..\source\mappers\chips\mmc2.c">
      <Filter>Source Files\mappers\chips</Filter>
    </ClCompile>
    <ClCompile Include="..\..\source\mappers\chips\mmc3.c">
      <Filter>Source Files\mappers\chips</Filter>
    </ClCompile>
    <ClCompile Include="..\..\source\mappers\chips\mmc4.c">
      <Filter>Source Files\mappers\chips</Filter>
    </ClCompile>
    <ClCompile Include="..\..\source\mappers\chips\mmc5.c">
      <Filter>Source Files\mappers\chips</Filter>
    </ClCompile>
    <ClCompile Include="..\..\source\misc\config.c">
      <Filter>Source Files\misc</Filter>
    </ClCompile>
    <ClCompile Include="..\..\source\misc\crc32.c">
      <Filter>Source Files\misc</Filter>
    </ClCompile>
    <ClCompile Include="..\..\source\misc\log.c">
      <Filter>Source Files\misc</Filter>
    </ClCompile>
    <ClCompile Include="..\..\source\misc\memutil.c">
      <Filter>Source Files\misc</Filter>
    </ClCompile>
    <ClCompile Include="..\..\source\palette\generator.c">
      <Filter>Source Files\palette</Filter>
    </ClCompile>
    <ClCompile Include="..\..\source\palette\palette.c">
      <Filter>Source Files\palette</Filter>
    </ClCompile>
    <ClCompile Include="..\..\source\inputdev\inputdev.c">
      <Filter>Source Files\inputdev</Filter>
    </ClCompile>
    <ClCompile Include="..\..\source\inputdev\joypad0.c">
      <Filter>Source Files\inputdev</Filter>
    </ClCompile>
    <ClCompile Include="..\..\source\inputdev\joypad1.c">
      <Filter>Source Files\inputdev</Filter>
    </ClCompile>
    <ClCompile Include="..\..\source\inputdev\null.c">
      <Filter>Source Files\inputdev</Filter>
    </ClCompile>
    <ClCompile Include="..\..\source\mappers\chips\taito-tc0190fmc.c">
      <Filter>Source Files\mappers\chips</Filter>
    </ClCompile>
    <ClCompile Include="..\..\source\mappers\boards\kaiser\ks202.c">
      <Filter>Source Files\mappers\boards\kaiser</Filter>
    </ClCompile>
    <ClCompile Include="..\..\source\mappers\boards\waixing\sgz.c">
      <Filter>Source Files\mappers\boards\waixing</Filter>
    </ClCompile>
    <ClCompile Include="..\..\source\mappers\boards\ntdec\tc-112.c">
      <Filter>Source Files\mappers\boards\ntdec</Filter>
    </ClCompile>
    <ClCompile Include="..\..\source\mappers\boards\other\colordreams.c">
      <Filter>Source Files\mappers\boards\other</Filter>
    </ClCompile>
    <ClCompile Include="..\..\source\mappers\boards\other\magicseries.c">
      <Filter>Source Files\mappers\boards\other</Filter>
    </ClCompile>
    <ClCompile Include="..\..\source\mappers\boards\other\mlt-caltron6in1.c">
      <Filter>Source Files\mappers\boards\other</Filter>
    </ClCompile>
    <ClCompile Include="..\..\source\mappers\boards\other\rumblestation.c">
      <Filter>Source Files\mappers\boards\other</Filter>
    </ClCompile>
    <ClCompile Include="..\..\source\mappers\boards\other\union-bond-ffv.c">
      <Filter>Source Files\mappers\boards\other</Filter>
    </ClCompile>
    <ClCompile Include="..\..\source\mappers\boards\other\bmc\15in1.c">
      <Filter>Source Files\mappers\boards\other\bmc</Filter>
    </ClCompile>
    <ClCompile Include="..\..\source\mappers\boards\other\bmc\21in1.c">
      <Filter>Source Files\mappers\boards\other\bmc</Filter>
    </ClCompile>
    <ClCompile Include="..\..\source\mappers\boards\other\bmc\35in1.c">
      <Filter>Source Files\mappers\boards\other\bmc</Filter>
    </ClCompile>
    <ClCompile Include="..\..\source\mappers\boards\other\bmc\36in1.c">
      <Filter>Source Files\mappers\boards\other\bmc</Filter>
    </ClCompile>
    <ClCompile Include="..\..\source\mappers\boards\other\bmc\70in1.c">
      <Filter>Source Files\mappers\boards\other\bmc</Filter>
    </ClCompile>
    <ClCompile Include="..\..\source\mappers\boards\other\bmc\72in1.c">
      <Filter>Source Files\mappers\boards\other\bmc</Filter>
    </ClCompile>
    <ClCompile Include="..\..\source\mappers\boards\other\bmc\76in1.c">
      <Filter>Source Files\mappers\boards\other\bmc</Filter>
    </ClCompile>
    <ClCompile Include="..\..\source\mappers\boards\other\bmc\150in1.c">
      <Filter>Source Files\mappers\boards\other\bmc</Filter>
    </ClCompile>
    <ClCompile Include="..\..\source\mappers\boards\other\bmc\big7in1.c">
      <Filter>Source Files\mappers\boards\other\bmc</Filter>
    </ClCompile>
    <ClCompile Include="..\..\source\mappers\boards\other\bmc\contra-function-16.c">
      <Filter>Source Files\mappers\boards\other\bmc</Filter>
    </ClCompile>
    <ClCompile Include="..\..\source\mappers\boards\other\bmc\fk23c.c">
      <Filter>Source Files\mappers\boards\other\bmc</Filter>
    </ClCompile>
    <ClCompile Include="..\..\source\mappers\boards\other\bmc\mario7in1.c">
      <Filter>Source Files\mappers\boards\other\bmc</Filter>
    </ClCompile>
    <ClCompile Include="..\..\source\mappers\boards\other\bmc\super700in1.c">
      <Filter>Source Files\mappers\boards\other\bmc</Filter>
    </ClCompile>
    <ClCompile Include="..\..\source\mappers\boards\other\btl\biomiraclea.c">
      <Filter>Source Files\mappers\boards\other\btl</Filter>
    </ClCompile>
    <ClCompile Include="..\..\source\mappers\boards\other\btl\mario1-malee2.c">
      <Filter>Source Files\mappers\boards\other\btl</Filter>
    </ClCompile>
    <ClCompile Include="..\..\source\mappers\boards\other\btl\smb2b.c">
      <Filter>Source Files\mappers\boards\other\btl</Filter>
    </ClCompile>
    <ClCompile Include="..\..\source\mappers\boards\other\unl\h2288.c">
      <Filter>Source Files\mappers\boards\other\unl</Filter>
    </ClCompile>
    <ClCompile Include="..\..\source\mappers\boards\other\unl\racermate.c">
      <Filter>Source Files\mappers\boards\other\unl</Filter>
    </ClCompile>
    <ClCompile Include="..\..\source\nes\apu\race.c">
      <Filter>Source Files\nes\apu</Filter>
    </ClCompile>
    <ClCompile Include="..\..\source\nes\apu\units\dpcm.c">
      <Filter>Source Files\nes\apu\units</Filter>
    </ClCompile>
    <ClCompile Include="..\..\source\nes\apu\units\frame.c">
      <Filter>Source Files\nes\apu\units</Filter>
    </ClCompile>
    <ClCompile Include="..\..\source\nes\apu\units\noise.c">
      <Filter>Source Files\nes\apu\units</Filter>
    </ClCompile>
    <ClCompile Include="..\..\source\nes\apu\units\square.c">
      <Filter>Source Files\nes\apu\units</Filter>
    </ClCompile>
    <ClCompile Include="..\..\source\nes\apu\units\triangle.c">
      <Filter>Source Files\nes\apu\units</Filter>
    </ClCompile>
    <ClCompile Include="..\..\source\system\win32\dialogs\about.c">
      <Filter>Source Files\system\win32\dialogs</Filter>
    </ClCompile>
    <ClCompile Include="..\..\source\system\win32\dialogs\configuration.c">
      <Filter>Source Files\system\win32\dialogs</Filter>
    </ClCompile>
    <ClCompile Include="..\..\source\system\win32\dialogs\debugger.c">
      <Filter>Source Files\system\win32\dialogs</Filter>
    </ClCompile>
    <ClCompile Include="..\..\source\system\win32\dialogs\mappers.c">
      <Filter>Source Files\system\win32\dialogs</Filter>
    </ClCompile>
    <ClCompile Include="..\..\source\mappers\boards\txc\22211.c">
      <Filter>Source Files\mappers\boards\txc</Filter>
    </ClCompile>
    <ClCompile Include="..\..\source\mappers\boards\txc\mxmdhtwo.c">
      <Filter>Source Files\mappers\boards\txc</Filter>
    </ClCompile>
    <ClCompile Include="..\..\source\mappers\boards\txc\strikewolf.c">
      <Filter>Source Files\mappers\boards\txc</Filter>
    </ClCompile>
    <ClCompile Include="..\..\source\mappers\boards\txc\tw.c">
      <Filter>Source Files\mappers\boards\txc</Filter>
    </ClCompile>
    <ClCompile Include="..\..\source\mappers\boards\tengen\mimic-1.c">
      <Filter>Source Files\mappers\boards\tengen</Filter>
    </ClCompile>
    <ClCompile Include="..\..\source\mappers\boards\tengen\rambo-1.c">
      <Filter>Source Files\mappers\boards\tengen</Filter>
    </ClCompile>
    <ClCompile Include="..\..\source\mappers\boards\taito\tc0190fmc.c">
      <Filter>Source Files\mappers\boards\taito</Filter>
    </ClCompile>
    <ClCompile Include="..\..\source\mappers\boards\taito\tc0190fmc_pal16r4.c">
      <Filter>Source Files\mappers\boards\taito</Filter>
    </ClCompile>
    <ClCompile Include="..\..\source\mappers\boards\taito\x1-017.c">
      <Filter>Source Files\mappers\boards\taito</Filter>
    </ClCompile>
    <ClCompile Include="..\..\source\mappers\boards\sunsoft\sunsoft-1.c">
      <Filter>Source Files\mappers\boards\sunsoft</Filter>
    </ClCompile>
    <ClCompile Include="..\..\source\mappers\boards\sunsoft\sunsoft-2.c">
      <Filter>Source Files\mappers\boards\sunsoft</Filter>
    </ClCompile>
    <ClCompile Include="..\..\source\mappers\boards\sunsoft\sunsoft-3.c">
      <Filter>Source Files\mappers\boards\sunsoft</Filter>
    </ClCompile>
    <ClCompile Include="..\..\source\mappers\boards\sunsoft\sunsoft-4.c">
      <Filter>Source Files\mappers\boards\sunsoft</Filter>
    </ClCompile>
    <ClCompile Include="..\..\source\mappers\boards\sunsoft\sunsoft-5b.c">
      <Filter>Source Files\mappers\boards\sunsoft</Filter>
    </ClCompile>
    <ClCompile Include="..\..\source\mappers\boards\cne\decathlon.c">
      <Filter>Source Files\mappers\boards\cne</Filter>
    </ClCompile>
    <ClCompile Include="..\..\source\mappers\boards\cne\fsb.c">
      <Filter>Source Files\mappers\boards\cne</Filter>
    </ClCompile>
    <ClCompile Include="..\..\source\mappers\boards\cne\shlz.c">
      <Filter>Source Files\mappers\boards\cne</Filter>
    </ClCompile>
    <ClCompile Include="..\..\source\mappers\boards\homebrew\dripgame.c">
      <Filter>Source Files\mappers\boards\homebrew</Filter>
    </ClCompile>
    <ClCompile Include="..\..\source\mappers\boards\homebrew\tepples.c">
      <Filter>Source Files\mappers\boards\homebrew</Filter>
    </ClCompile>
    <ClCompile Include="..\..\source\mappers\chips\namcot-108.c">
      <Filter>Source Files\mappers\chips</Filter>
    </ClCompile>
    <ClCompile Include="..\..\source\mappers\boards\nintendo\qj.c">
      <Filter>Source Files\mappers\boards\nintendo</Filter>
    </ClCompile>
    <ClCompile Include="..\..\source\mappers\boards\nintendo\unrom_74hc08.c">
      <Filter>Source Files\mappers\boards\nintendo</Filter>
    </ClCompile>
    <ClCompile Include="..\..\source\mappers\boards\irem\tam-s1.c">
      <Filter>Source Files\mappers\boards\irem</Filter>
    </ClCompile>
    <ClCompile Include="..\..\source\mappers\boards\namcot\34x3.c">
      <Filter>Source Files\mappers\boards\namcot</Filter>
    </ClCompile>
    <ClCompile Include="..\..\source\mappers\boards\namcot\3425.c">
      <Filter>Source Files\mappers\boards\namcot</Filter>
    </ClCompile>
    <ClCompile Include="..\..\source\mappers\boards\nintendo\fds.c">
      <Filter>Source Files\mappers\boards\nintendo</Filter>
    </ClCompile>
    <ClCompile Include="..\..\source\inputdev\powerpad.c">
      <Filter>Source Files\inputdev</Filter>
    </ClCompile>
    <ClCompile Include="..\..\source\inputdev\zapper.c">
      <Filter>Source Files\inputdev</Filter>
    </ClCompile>
    <ClCompile Include="..\..\source\nes\cart\fds.c">
      <Filter>Source Files\nes\cart</Filter>
    </ClCompile>
    <ClCompile Include="..\..\source\system\win32\mainwnd.c">
      <Filter>Source Files\system\win32</Filter>
    </ClCompile>
    <ClCompile Include="..\..\source\nes\ppu\step\calc.c">
      <Filter>Source Files\nes\ppu\step</Filter>
    </ClCompile>
    <ClCompile Include="..\..\source\nes\ppu\step\draw.c">
      <Filter>Source Files\nes\ppu\step</Filter>
    </ClCompile>
    <ClCompile Include="..\..\source\nes\ppu\step\fetch.c">
      <Filter>Source Files\nes\ppu\step</Filter>
    </ClCompile>
    <ClCompile Include="..\..\source\nes\ppu\step\misc.c">
      <Filter>Source Files\nes\ppu\step</Filter>
    </ClCompile>
    <ClCompile Include="..\..\source\nes\ppu\step\scroll.c">
      <Filter>Source Files\nes\ppu\step</Filter>
    </ClCompile>
    <ClCompile Include="..\..\source\nes\ppu\step\sprite.c">
      <Filter>Source Files\nes\ppu\step</Filter>
    </ClCompile>
    <ClCompile Include="..\..\source\emu\commands\general.c">
      <Filter>Source Files\emu\commands</Filter>
    </ClCompile>
    <ClCompile Include="..\..\source\emu\commands\nes.c">
      <Filter>Source Files\emu\commands</Filter>
    </ClCompile>
    <ClCompile Include="..\..\source\emu\commands.c">
      <Filter>Source Files\emu</Filter>
    </ClCompile>
    <ClCompile Include="..\..\source\emu\emu.c">
      <Filter>Source Files\emu</Filter>
    </ClCompile>
    <ClCompile Include="..\..\source\system\win32\dialogs\console.c">
      <Filter>Source Files\system\win32\dialogs</Filter>
    </ClCompile>
  </ItemGroup>
  <ItemGroup>
    <ClInclude Include="..\..\source\types.h">
      <Filter>Header Files</Filter>
    </ClInclude>
    <ClInclude Include="..\..\source\version.h">
      <Filter>Header Files</Filter>
    </ClInclude>
    <ClInclude Include="..\..\source\system\input.h">
      <Filter>Header Files\system</Filter>
    </ClInclude>
    <ClInclude Include="..\..\source\system\main.h">
      <Filter>Header Files\system</Filter>
    </ClInclude>
    <ClInclude Include="..\..\source\system\sound.h">
      <Filter>Header Files\system</Filter>
    </ClInclude>
    <ClInclude Include="..\..\source\system\system.h">
      <Filter>Header Files\system</Filter>
    </ClInclude>
    <ClInclude Include="..\..\source\system\video.h">
      <Filter>Header Files\system</Filter>
    </ClInclude>
    <ClInclude Include="..\..\source\system\win32\resource.h">
      <Filter>Header Files\system\win32</Filter>
    </ClInclude>
    <ClInclude Include="..\..\source\nes\io.h">
      <Filter>Header Files\nes</Filter>
    </ClInclude>
    <ClInclude Include="..\..\source\nes\memory.h">
      <Filter>Header Files\nes</Filter>
    </ClInclude>
    <ClInclude Include="..\..\source\nes\nes.h">
      <Filter>Header Files\nes</Filter>
    </ClInclude>
    <ClInclude Include="..\..\source\nes\cpu\cpu.h">
      <Filter>Header Files\nes\cpu</Filter>
    </ClInclude>
    <ClInclude Include="..\..\source\nes\ppu\attribcache.h">
      <Filter>Header Files\nes\ppu</Filter>
    </ClInclude>
    <ClInclude Include="..\..\source\nes\ppu\ppu.h">
      <Filter>Header Files\nes\ppu</Filter>
    </ClInclude>
    <ClInclude Include="..\..\source\nes\ppu\tilecache.h">
      <Filter>Header Files\nes\ppu</Filter>
    </ClInclude>
    <ClInclude Include="..\..\source\nes\apu\apu.h">
      <Filter>Header Files\nes\apu</Filter>
    </ClInclude>
    <ClInclude Include="..\..\source\nes\cart\cart.h">
      <Filter>Header Files\nes\cart</Filter>
    </ClInclude>
    <ClInclude Include="..\..\source\nes\cart\ines.h">
      <Filter>Header Files\nes\cart</Filter>
    </ClInclude>
    <ClInclude Include="..\..\source\nes\cart\ines20.h">
      <Filter>Header Files\nes\cart</Filter>
    </ClInclude>
    <ClInclude Include="..\..\source\nes\cart\unif.h">
      <Filter>Header Files\nes\cart</Filter>
    </ClInclude>
    <ClInclude Include="..\..\source\nes\state\block.h">
      <Filter>Header Files\nes\state</Filter>
    </ClInclude>
    <ClInclude Include="..\..\source\nes\state\state.h">
      <Filter>Header Files\nes\state</Filter>
    </ClInclude>
    <ClInclude Include="..\..\source\mappers\mapperid.h">
      <Filter>Header Files\mappers</Filter>
    </ClInclude>
    <ClInclude Include="..\..\source\mappers\mapperinc.h">
      <Filter>Header Files\mappers</Filter>
    </ClInclude>
    <ClInclude Include="..\..\source\mappers\mappers.h">
      <Filter>Header Files\mappers</Filter>
    </ClInclude>
    <ClInclude Include="..\..\source\mappers\chips\latch.h">
      <Filter>Header Files\mappers\chips</Filter>
    </ClInclude>
    <ClInclude Include="..\..\source\mappers\chips\mmc1.h">
      <Filter>Header Files\mappers\chips</Filter>
    </ClInclude>
    <ClInclude Include="..\..\source\mappers\chips\mmc2.h">
      <Filter>Header Files\mappers\chips</Filter>
    </ClInclude>
    <ClInclude Include="..\..\source\mappers\chips\mmc3.h">
      <Filter>Header Files\mappers\chips</Filter>
    </ClInclude>
    <ClInclude Include="..\..\source\mappers\chips\mmc4.h">
      <Filter>Header Files\mappers\chips</Filter>
    </ClInclude>
    <ClInclude Include="..\..\source\mappers\chips\mmc5.h">
      <Filter>Header Files\mappers\chips</Filter>
    </ClInclude>
    <ClInclude Include="..\..\source\misc\config.h">
      <Filter>Header Files\misc</Filter>
    </ClInclude>
    <ClInclude Include="..\..\source\misc\crc32.h">
      <Filter>Header Files\misc</Filter>
    </ClInclude>
    <ClInclude Include="..\..\source\misc\emu.h">
      <Filter>Header Files\misc</Filter>
    </ClInclude>
    <ClInclude Include="..\..\source\misc\log.h">
      <Filter>Header Files\misc</Filter>
    </ClInclude>
    <ClInclude Include="..\..\source\misc\memutil.h">
      <Filter>Header Files\misc</Filter>
    </ClInclude>
    <ClInclude Include="..\..\source\palette\generator.h">
      <Filter>Header Files\palette</Filter>
    </ClInclude>
    <ClInclude Include="..\..\source\palette\palette.h">
      <Filter>Header Files\palette</Filter>
    </ClInclude>
    <ClInclude Include="..\..\source\inputdev\inputdev.h">
      <Filter>Header Files\inputdev</Filter>
    </ClInclude>
    <ClInclude Include="..\..\source\inputdev\joypad0.h">
      <Filter>Header Files\inputdev</Filter>
    </ClInclude>
    <ClInclude Include="..\..\source\inputdev\joypad1.h">
      <Filter>Header Files\inputdev</Filter>
    </ClInclude>
    <ClInclude Include="..\..\source\inputdev\null.h">
      <Filter>Header Files\inputdev</Filter>
    </ClInclude>
    <ClInclude Include="..\..\source\system\win32\dialogs.h">
      <Filter>Header Files\system\win32</Filter>
    </ClInclude>
    <ClInclude Include="..\..\source\system\win32\mainwnd.h">
      <Filter>Header Files\system\win32</Filter>
    </ClInclude>
  </ItemGroup>
  <ItemGroup>
    <None Include="..\..\source\system\win32\mainicon.ico">
      <Filter>Resource Files</Filter>
    </None>
    <None Include="..\..\docs\Todo" />
  </ItemGroup>
  <ItemGroup>
    <ResourceCompile Include="..\..\source\system\win32\nesemu2.rc">
      <Filter>Resource Files</Filter>
    </ResourceCompile>
  </ItemGroup>
</Project>