Microsoft Visual Studio Solution File, Format Version 8.00
Project("{8BC9CEB8-8B4A-11D0-8D11-00A0C91BC942}") = "nesemu2", "nesemu2.vcproj", "{D0F018F5-28FB-4968-B283-7B02CDE64C1B}"
	ProjectSection(ProjectDependencies) = postProject
	EndProjectSection
EndProject
Global
	GlobalSection(SolutionConfiguration) = preSolution
		Debug = Debug
		Release = Release
	EndGlobalSection
	GlobalSection(ProjectConfiguration) = postSolution
		{D0F018F5-28FB-4968-B283-7B02CDE64C1B}.Debug.ActiveCfg = Release|Win32
		{D0F018F5-28FB-4968-B283-7B02CDE64C1B}.Debug.Build.0 = Release|Win32
		{D0F018F5-28FB-4968-B283-7B02CDE64C1B}.Release.ActiveCfg = Release|Win32
		{D0F018F5-28FB-4968-B283-7B02CDE64C1B}.Release.Build.0 = Release|Win32
	EndGlobalSection
	GlobalSection(ExtensibilityGlobals) = postSolution
	EndGlobalSection
	GlobalSection(ExtensibilityAddIns) = postSolution
	EndGlobalSection
EndGlobal
